{
  "name": "cryptomancy",
  "version": "1.0.2",
  "lockfileVersion": 1,
  "requires": true,
  "dependencies": {
    "cryptomancy-accumulator": {
      "version": "1.0.1",
      "resolved": "https://registry.npmjs.org/cryptomancy-accumulator/-/cryptomancy-accumulator-1.0.1.tgz",
      "integrity": "sha512-WLtxDMRf2lcodSQiXJAQpURcO3mpjIMJ03KyB41JQI2PEi7ldmRr00ncMk+nVWhqNvxArElNDYEu3epvQ7LeuA==",
      "requires": {
        "cryptomancy-format": "^1.0.1",
        "cryptomancy-prime": "^1.0.1",
        "cryptomancy-source": "^1.0.2",
        "cryptomancy-util": "^1.0.1",
        "jsbn": "^1.1.0",
        "nthen": "^0.1.7"
      },
      "dependencies": {
        "nthen": {
          "version": "0.1.7",
          "resolved": "https://registry.npmjs.org/nthen/-/nthen-0.1.7.tgz",
          "integrity": "sha1-a2oFhs1YQ4PDVlO65ze2/dJznYY="
        }
      }
    },
    "cryptomancy-format": {
      "version": "1.0.1",
      "resolved": "https://registry.npmjs.org/cryptomancy-format/-/cryptomancy-format-1.0.1.tgz",
      "integrity": "sha512-GwWLvZlGakiyCx19wW5G7NlgfNmfvYmwPs+bhg7GtKXzT3vS4WcbQdsa6ZiDrmo69xBpGC4i9e6t/hScf/9E4Q==",
      "requires": {
        "hex-array": "^1.0.0",
        "jsbn": "^1.1.0",
        "proquint": "0.0.1",
        "tweetnacl-util": "^0.15.0"
      }
    },
    "cryptomancy-methods": {
      "version": "1.0.2",
      "resolved": "https://registry.npmjs.org/cryptomancy-methods/-/cryptomancy-methods-1.0.2.tgz",
      "integrity": "sha512-grOX3kFxbWAR3HbBwbn1Xg2wncaS4LDVzQ7YrQW6JyhvJohhKU3wykGehPiVZ6/YLpN+aCyVmwKI003qjv9MEA=="
    },
    "cryptomancy-nonce": {
      "version": "1.0.3",
      "resolved": "https://registry.npmjs.org/cryptomancy-nonce/-/cryptomancy-nonce-1.0.3.tgz",
      "integrity": "sha512-GBb2wRsgwpUrOp/ZZhWXl0gBg9dzxg4ddshkog42gGlWp3bOV+Phn+erca+PQLrIjA9wsRrUOijjZVjV8tJQfw=="
    },
    "cryptomancy-prime": {
      "version": "1.0.1",
      "resolved": "https://registry.npmjs.org/cryptomancy-prime/-/cryptomancy-prime-1.0.1.tgz",
      "integrity": "sha512-ze+CBWA5fiLmHcnoSpskuY/4NILBvvyA08iOIlM5kyUIk3sv5okYOhbRxO2cdWmK9g7nYJcQW9gdKeZv44oJTg==",
      "requires": {
        "jsbn": "^1.1.0"
      }
    },
    "cryptomancy-secret": {
      "version": "1.0.1",
      "resolved": "https://registry.npmjs.org/cryptomancy-secret/-/cryptomancy-secret-1.0.1.tgz",
      "integrity": "sha512-r9Se45BtgUVEcoIsH6m4LbiIhHY4Du5g/JdZdUJLq8UoctlGMbQduEUV2bu2ebobnB69I0dbJbegRPeezvMv/Q==",
      "requires": {
        "cryptomancy-format": "^1.0.1",
        "secrets.js-grempe": "git+https://github.com/grempe/secrets.js.git#b6e13cb43f2065a9b622a35002a68222f2bfd437"
      }
    },
    "cryptomancy-source": {
      "version": "1.0.2",
      "resolved": "https://registry.npmjs.org/cryptomancy-source/-/cryptomancy-source-1.0.2.tgz",
      "integrity": "sha512-9VAtiUX6BZWDfhoqbmvs5yehmOXIELQwNBvRe3WRmfHCjd4Nq8bhSyQWRgh/8GfRyLuFWars10XX57/7cpoloQ==",
      "requires": {
        "cryptomancy-util": "^1.0.1",
        "tweetnacl": "^1.0.0"
      }
    },
    "cryptomancy-util": {
      "version": "1.0.1",
      "resolved": "https://registry.npmjs.org/cryptomancy-util/-/cryptomancy-util-1.0.1.tgz",
      "integrity": "sha512-DqeuFb1NgTl4BCqgoKZaGk70lrXA5Z7rpMeCKUUApuBu2zFpARcSOdmrLyqhBi6s6qzKNGIOdlhTYkM28j9eGw=="
    },
    "hex-array": {
      "version": "1.0.0",
      "resolved": "https://registry.npmjs.org/hex-array/-/hex-array-1.0.0.tgz",
      "integrity": "sha1-5cJO6gOD8tnoSR8ugVvaDOAiM64="
    },
    "jsbn": {
      "version": "1.1.0",
      "resolved": "https://registry.npmjs.org/jsbn/-/jsbn-1.1.0.tgz",
      "integrity": "sha1-sBMHyym2GKHtJux56RH4A8TaAEA="
    },
    "proquint": {
      "version": "0.0.1",
      "resolved": "https://registry.npmjs.org/proquint/-/proquint-0.0.1.tgz",
      "integrity": "sha1-t5FI5cDcjmEDPeGrcInjH8CHWQY="
    },
    "secrets.js-grempe": {
      "version": "git+https://github.com/grempe/secrets.js.git#b6e13cb43f2065a9b622a35002a68222f2bfd437",
      "from": "git+https://github.com/grempe/secrets.js.git"
    },
    "shamir3pass": {
      "version": "2.0.1",
      "resolved": "https://registry.npmjs.org/shamir3pass/-/shamir3pass-2.0.1.tgz",
      "integrity": "sha512-/pSAa+KWbnxEF7L3G88HxkFzCeDf0TIInTKvYssdaxc/pQ8GPIMJfFqSrk3YUsyQ+0Da7kyFqbnYg0UGOnM0nw==",
      "requires": {
        "cryptomancy-format": "^1.0.1",
        "cryptomancy-prime": "^1.0.1",
        "jsbn": "^1.1.0",
        "tweetnacl": "^1.0.0",
        "tweetnacl-util": "^0.15.0"
      }
    },
    "tweetnacl": {
      "version": "1.0.0",
      "resolved": "https://registry.npmjs.org/tweetnacl/-/tweetnacl-1.0.0.tgz",
      "integrity": "sha1-cT2LgY2kIGh0C/aDhtBHnmb8ins="
    },
    "tweetnacl-util": {
      "version": "0.15.0",
      "resolved": "https://registry.npmjs.org/tweetnacl-util/-/tweetnacl-util-0.15.0.tgz",
      "integrity": "sha1-RXbBzuXi1j0gf+5S8boCgZSAvHU="
    }
  }
}
